<Solution>
  <Project Path="ConferenceRoom.API/ConferenceRoom.API.csproj" />
  <Project Path="ConferenceRoom.Application/ConferenceRoom.Application.csproj" />
  <Project Path="ConferenceRoom.Domain/ConferenceRoom.Domain.csproj" />
  <Project Path="ConferenceRoom.Infrastructure/ConferenceRoom.Infrastructure.csproj" />
  <Project Path="ConferenceRoom.Tests/ConferenceRoom.Tests.csproj" />
</Solution>
